
Microsoft Visual Studio Solution File, Format Version 12.00
# Visual Studio 15
VisualStudioVersion = 15.0.27703.2042
MinimumVisualStudioVersion = 10.0.40219.1
Project("{8BC9CEB8-8B4A-11D0-8D11-00A0C91BC942}") = "leveldb", "winleveldb.vcxproj", "{EBEDA8BB-6FA6-4C60-8122-2D5420C399C6}"
EndProject
Global
	GlobalSection(SolutionConfigurationPlatforms) = preSolution
		Release|x64 = Release|x64
		Release|x86 = Release|x86
		ReleaseDLL|x64 = ReleaseDLL|x64
		ReleaseDLL|x86 = ReleaseDLL|x86
	EndGlobalSection
	GlobalSection(ProjectConfigurationPlatforms) = postSolution
		{EBEDA8BB-6FA6-4C60-8122-2D5420C399C6}.Release|x64.ActiveCfg = Release|x64
		{EBEDA8BB-6FA6-4C60-8122-2D5420C399C6}.Release|x64.Build.0 = Release|x64
		{EBEDA8BB-6FA6-4C60-8122-2D5420C399C6}.Release|x86.ActiveCfg = Release|Win32
		{EBEDA8BB-6FA6-4C60-8122-2D5420C399C6}.Release|x86.Build.0 = Release|Win32
		{EBEDA8BB-6FA6-4C60-8122-2D5420C399C6}.ReleaseDLL|x64.ActiveCfg = ReleaseDLL|x64
		{EBEDA8BB-6FA6-4C60-8122-2D5420C399C6}.ReleaseDLL|x64.Build.0 = ReleaseDLL|x64
		{EBEDA8BB-6FA6-4C60-8122-2D5420C399C6}.ReleaseDLL|x86.ActiveCfg = ReleaseDLL|Win32
		{EBEDA8BB-6FA6-4C60-8122-2D5420C399C6}.ReleaseDLL|x86.Build.0 = ReleaseDLL|Win32
	EndGlobalSection
	GlobalSection(SolutionProperties) = preSolution
		HideSolutionNode = FALSE
	EndGlobalSection
	GlobalSection(ExtensibilityGlobals) = postSolution
		SolutionGuid = {13F965E6-88A9-48F4-BCF7-D78DCFFC1EC2}
	EndGlobalSection
EndGlobal
